// !$*UTF8*$!
{
	archiveVersion = 1;
	classes = {
	};
	objectVersion = 56;
	objects = {

/* Begin PBXBuildFile section */
		4D0730E92C2302E90053A774 /* ManagedEnvironmentKeys.swift in Sources */ = {isa = PBXBuildFile; fileRef = 4D0730E82C2302E90053A774 /* ManagedEnvironmentKeys.swift */; };
		4D0730EB2C2305410053A774 /* BundleHelper.swift in Sources */ = {isa = PBXBuildFile; fileRef = 4D0730EA2C2305410053A774 /* BundleHelper.swift */; };
		4D0730ED2C230AE80053A774 /* CoreDataStack.swift in Sources */ = {isa = PBXBuildFile; fileRef = 4D0730EC2C230AE80053A774 /* CoreDataStack.swift */; };
		4D0730EF2C230B850053A774 /* CoreDataHelper.swift in Sources */ = {isa = PBXBuildFile; fileRef = 4D0730EE2C230B850053A774 /* CoreDataHelper.swift */; };
		4D0730F22C2312A40053A774 /* NewsDBService.swift in Sources */ = {isa = PBXBuildFile; fileRef = 4D0730F12C2312A40053A774 /* NewsDBService.swift */; };
		4D126EBA2C23D17F0042E6E5 /* NewsContent.swift in Sources */ = {isa = PBXBuildFile; fileRef = 4D126EB92C23D17F0042E6E5 /* NewsContent.swift */; };
		4D3861412C21B601000B51AA /* Alamofire in Frameworks */ = {isa = PBXBuildFile; productRef = 4D3861402C21B601000B51AA /* Alamofire */; };
		4D3861462C21B876000B51AA /* BaseAPIService.swift in Sources */ = {isa = PBXBuildFile; fileRef = 4D3861452C21B876000B51AA /* BaseAPIService.swift */; };
		4D3861482C21B980000B51AA /* NetworkingError.swift in Sources */ = {isa = PBXBuildFile; fileRef = 4D3861472C21B980000B51AA /* NetworkingError.swift */; };
		4D38614B2C21BC22000B51AA /* NewsAPIService.swift in Sources */ = {isa = PBXBuildFile; fileRef = 4D38614A2C21BC22000B51AA /* NewsAPIService.swift */; };
		4D38614E2C21C049000B51AA /* ISO8601DateWrapper.swift in Sources */ = {isa = PBXBuildFile; fileRef = 4D38614D2C21C049000B51AA /* ISO8601DateWrapper.swift */; };
		4D3861502C21D9A2000B51AA /* APIPublisher.swift in Sources */ = {isa = PBXBuildFile; fileRef = 4D38614F2C21D9A2000B51AA /* APIPublisher.swift */; };
		4D3861522C21D9F1000B51AA /* TopHeadlineEntity.swift in Sources */ = {isa = PBXBuildFile; fileRef = 4D3861512C21D9F1000B51AA /* TopHeadlineEntity.swift */; };
		4D3861542C21DA05000B51AA /* ArticleEntity.swift in Sources */ = {isa = PBXBuildFile; fileRef = 4D3861532C21DA05000B51AA /* ArticleEntity.swift */; };
		4D3861562C21DA1C000B51AA /* ArticleSourceEntity.swift in Sources */ = {isa = PBXBuildFile; fileRef = 4D3861552C21DA1C000B51AA /* ArticleSourceEntity.swift */; };
		4D3861582C21E343000B51AA /* API.swift in Sources */ = {isa = PBXBuildFile; fileRef = 4D3861572C21E343000B51AA /* API.swift */; };
		4D38615A2C21E408000B51AA /* NewsAPI.swift in Sources */ = {isa = PBXBuildFile; fileRef = 4D3861592C21E408000B51AA /* NewsAPI.swift */; };
		4D4ACE152C2416A1007C0DDE /* NewsRepository.swift in Sources */ = {isa = PBXBuildFile; fileRef = 4D126EB72C23CBA40042E6E5 /* NewsRepository.swift */; };
		4D4ACE1A2C2417E5007C0DDE /* NewsListViewController.swift in Sources */ = {isa = PBXBuildFile; fileRef = 4D4ACE192C2417E5007C0DDE /* NewsListViewController.swift */; };
		4D4ACE1C2C241900007C0DDE /* NewsListViewController+ViewModel.swift in Sources */ = {isa = PBXBuildFile; fileRef = 4D4ACE1B2C241900007C0DDE /* NewsListViewController+ViewModel.swift */; };
		4D4ACE272C2428CA007C0DDE /* Collection+Extension.swift in Sources */ = {isa = PBXBuildFile; fileRef = 4D4ACE262C2428CA007C0DDE /* Collection+Extension.swift */; };
		4D4ACE292C242E66007C0DDE /* NewsListViewController+ViewHolder.swift in Sources */ = {isa = PBXBuildFile; fileRef = 4D4ACE282C242E66007C0DDE /* NewsListViewController+ViewHolder.swift */; };
		4D4ACE2E2C2430B2007C0DDE /* SnapKit in Frameworks */ = {isa = PBXBuildFile; productRef = 4D4ACE2D2C2430B2007C0DDE /* SnapKit */; };
		4D5C72912C243270005C979F /* NewsListViewController+NewsListCollectionViewAdapter.swift in Sources */ = {isa = PBXBuildFile; fileRef = 4D5C72902C243270005C979F /* NewsListViewController+NewsListCollectionViewAdapter.swift */; };
		4D5C72932C2432E5005C979F /* UICollectionView+Extension.swift in Sources */ = {isa = PBXBuildFile; fileRef = 4D5C72922C2432E5005C979F /* UICollectionView+Extension.swift */; };
		4D5C72962C24335F005C979F /* BaseCollectionViewCell.swift in Sources */ = {isa = PBXBuildFile; fileRef = 4D5C72952C24335F005C979F /* BaseCollectionViewCell.swift */; };
		4D5C729A2C243511005C979F /* NewsListViewController+NewsContentCell.swift in Sources */ = {isa = PBXBuildFile; fileRef = 4D5C72992C243511005C979F /* NewsListViewController+NewsContentCell.swift */; };
		4D5C729C2C24355D005C979F /* NewsListViewController+NewsContentView.swift in Sources */ = {isa = PBXBuildFile; fileRef = 4D5C729B2C24355D005C979F /* NewsListViewController+NewsContentView.swift */; };
		4D5C729E2C24383B005C979F /* UIImageView+Extension.swift in Sources */ = {isa = PBXBuildFile; fileRef = 4D5C729D2C24383B005C979F /* UIImageView+Extension.swift */; };
		4D5C72A12C243884005C979F /* Kingfisher in Frameworks */ = {isa = PBXBuildFile; productRef = 4D5C72A02C243884005C979F /* Kingfisher */; };
		4D5C72A32C243975005C979F /* BaseView.swift in Sources */ = {isa = PBXBuildFile; fileRef = 4D5C72A22C243975005C979F /* BaseView.swift */; };
		4D5C72A52C243C12005C979F /* NewsListViewController+HeaderView.swift in Sources */ = {isa = PBXBuildFile; fileRef = 4D5C72A42C243C12005C979F /* NewsListViewController+HeaderView.swift */; };
		4D5C72A72C243D21005C979F /* NewsListViewController+HeaderCell.swift in Sources */ = {isa = PBXBuildFile; fileRef = 4D5C72A62C243D21005C979F /* NewsListViewController+HeaderCell.swift */; };
		4D5C72AB2C244797005C979F /* Date+Extension.swift in Sources */ = {isa = PBXBuildFile; fileRef = 4D5C72AA2C244797005C979F /* Date+Extension.swift */; };
		4D6E52462C2084D20041FC86 /* MKNewsReaderTests.swift in Sources */ = {isa = PBXBuildFile; fileRef = 4D6E52452C2084D20041FC86 /* MKNewsReaderTests.swift */; };
		4D6E52502C2084D20041FC86 /* MKNewsReaderUITests.swift in Sources */ = {isa = PBXBuildFile; fileRef = 4D6E524F2C2084D20041FC86 /* MKNewsReaderUITests.swift */; };
		4D6E52522C2084D20041FC86 /* MKNewsReaderUITestsLaunchTests.swift in Sources */ = {isa = PBXBuildFile; fileRef = 4D6E52512C2084D20041FC86 /* MKNewsReaderUITestsLaunchTests.swift */; };
		4D6E526B2C20852A0041FC86 /* AppDelegate.swift in Sources */ = {isa = PBXBuildFile; fileRef = 4D6E525F2C20852A0041FC86 /* AppDelegate.swift */; };
		4D6E526C2C20852A0041FC86 /* SceneDelegate.swift in Sources */ = {isa = PBXBuildFile; fileRef = 4D6E52602C20852A0041FC86 /* SceneDelegate.swift */; };
		4D6E52892C20860C0041FC86 /* Assets.xcassets in Resources */ = {isa = PBXBuildFile; fileRef = 4D6E52812C20860C0041FC86 /* Assets.xcassets */; };
		4D6E528A2C20860C0041FC86 /* LaunchScreen.storyboard in Resources */ = {isa = PBXBuildFile; fileRef = 4D6E52832C20860C0041FC86 /* LaunchScreen.storyboard */; };
		4D6E528C2C20860C0041FC86 /* MKNewsReader.xcdatamodeld in Sources */ = {isa = PBXBuildFile; fileRef = 4D6E52872C20860C0041FC86 /* MKNewsReader.xcdatamodeld */; };
		4DDF4F902C26F15100FCB6AE /* NewsListViewController+NewsListSectionType.swift in Sources */ = {isa = PBXBuildFile; fileRef = 4DDF4F8F2C26F15100FCB6AE /* NewsListViewController+NewsListSectionType.swift */; };
		4DDF4F932C26F79B00FCB6AE /* AppDelegate+Kingfisher.swift in Sources */ = {isa = PBXBuildFile; fileRef = 4DDF4F922C26F79B00FCB6AE /* AppDelegate+Kingfisher.swift */; };
		4DE6C5E02C25A74C00BD3E00 /* NewsDetailViewController.swift in Sources */ = {isa = PBXBuildFile; fileRef = 4DE6C5DF2C25A74C00BD3E00 /* NewsDetailViewController.swift */; };
		4DE6C5E22C25A76F00BD3E00 /* NewsDetailViewController+ViewModel.swift in Sources */ = {isa = PBXBuildFile; fileRef = 4DE6C5E12C25A76F00BD3E00 /* NewsDetailViewController+ViewModel.swift */; };
		4DE6C5E42C25A78600BD3E00 /* NewsDetailViewController+ViewHolder.swift in Sources */ = {isa = PBXBuildFile; fileRef = 4DE6C5E32C25A78600BD3E00 /* NewsDetailViewController+ViewHolder.swift */; };
		4DE6C5E82C25B3F700BD3E00 /* BaseNavigationController.swift in Sources */ = {isa = PBXBuildFile; fileRef = 4DE6C5E72C25B3F700BD3E00 /* BaseNavigationController.swift */; };
		4DE6C5EA2C25B57400BD3E00 /* BaseViewController.swift in Sources */ = {isa = PBXBuildFile; fileRef = 4DE6C5E92C25B57400BD3E00 /* BaseViewController.swift */; };
/* End PBXBuildFile section */

/* Begin PBXContainerItemProxy section */
		4D6E52422C2084D20041FC86 /* PBXContainerItemProxy */ = {
			isa = PBXContainerItemProxy;
			containerPortal = 4D6E52202C2084D00041FC86 /* Project object */;
			proxyType = 1;
			remoteGlobalIDString = 4D6E52272C2084D00041FC86;
			remoteInfo = MKNewsReader;
		};
		4D6E524C2C2084D20041FC86 /* PBXContainerItemProxy */ = {
			isa = PBXContainerItemProxy;
			containerPortal = 4D6E52202C2084D00041FC86 /* Project object */;
			proxyType = 1;
			remoteGlobalIDString = 4D6E52272C2084D00041FC86;
			remoteInfo = MKNewsReader;
		};
/* End PBXContainerItemProxy section */

/* Begin PBXFileReference section */
		4D0730E52C23007C0053A774 /* Release.xcconfig */ = {isa = PBXFileReference; lastKnownFileType = text.xcconfig; path = Release.xcconfig; sourceTree = "<group>"; };
		4D0730E62C2300850053A774 /* Debug.xcconfig */ = {isa = PBXFileReference; lastKnownFileType = text.xcconfig; path = Debug.xcconfig; sourceTree = "<group>"; };
		4D0730E82C2302E90053A774 /* ManagedEnvironmentKeys.swift */ = {isa = PBXFileReference; lastKnownFileType = sourcecode.swift; path = ManagedEnvironmentKeys.swift; sourceTree = "<group>"; };
		4D0730EA2C2305410053A774 /* BundleHelper.swift */ = {isa = PBXFileReference; lastKnownFileType = sourcecode.swift; path = BundleHelper.swift; sourceTree = "<group>"; };
		4D0730EC2C230AE80053A774 /* CoreDataStack.swift */ = {isa = PBXFileReference; lastKnownFileType = sourcecode.swift; path = CoreDataStack.swift; sourceTree = "<group>"; };
		4D0730EE2C230B850053A774 /* CoreDataHelper.swift */ = {isa = PBXFileReference; lastKnownFileType = sourcecode.swift; path = CoreDataHelper.swift; sourceTree = "<group>"; };
		4D0730F12C2312A40053A774 /* NewsDBService.swift */ = {isa = PBXFileReference; lastKnownFileType = sourcecode.swift; path = NewsDBService.swift; sourceTree = "<group>"; };
		4D126EB72C23CBA40042E6E5 /* NewsRepository.swift */ = {isa = PBXFileReference; lastKnownFileType = sourcecode.swift; path = NewsRepository.swift; sourceTree = "<group>"; };
		4D126EB92C23D17F0042E6E5 /* NewsContent.swift */ = {isa = PBXFileReference; lastKnownFileType = sourcecode.swift; path = NewsContent.swift; sourceTree = "<group>"; };
		4D3861452C21B876000B51AA /* BaseAPIService.swift */ = {isa = PBXFileReference; lastKnownFileType = sourcecode.swift; path = BaseAPIService.swift; sourceTree = "<group>"; };
		4D3861472C21B980000B51AA /* NetworkingError.swift */ = {isa = PBXFileReference; lastKnownFileType = sourcecode.swift; path = NetworkingError.swift; sourceTree = "<group>"; };
		4D38614A2C21BC22000B51AA /* NewsAPIService.swift */ = {isa = PBXFileReference; lastKnownFileType = sourcecode.swift; path = NewsAPIService.swift; sourceTree = "<group>"; };
		4D38614D2C21C049000B51AA /* ISO8601DateWrapper.swift */ = {isa = PBXFileReference; lastKnownFileType = sourcecode.swift; path = ISO8601DateWrapper.swift; sourceTree = "<group>"; };
		4D38614F2C21D9A2000B51AA /* APIPublisher.swift */ = {isa = PBXFileReference; lastKnownFileType = sourcecode.swift; path = APIPublisher.swift; sourceTree = "<group>"; };
		4D3861512C21D9F1000B51AA /* TopHeadlineEntity.swift */ = {isa = PBXFileReference; lastKnownFileType = sourcecode.swift; path = TopHeadlineEntity.swift; sourceTree = "<group>"; };
		4D3861532C21DA05000B51AA /* ArticleEntity.swift */ = {isa = PBXFileReference; lastKnownFileType = sourcecode.swift; path = ArticleEntity.swift; sourceTree = "<group>"; };
		4D3861552C21DA1C000B51AA /* ArticleSourceEntity.swift */ = {isa = PBXFileReference; lastKnownFileType = sourcecode.swift; path = ArticleSourceEntity.swift; sourceTree = "<group>"; };
		4D3861572C21E343000B51AA /* API.swift */ = {isa = PBXFileReference; lastKnownFileType = sourcecode.swift; path = API.swift; sourceTree = "<group>"; };
		4D3861592C21E408000B51AA /* NewsAPI.swift */ = {isa = PBXFileReference; lastKnownFileType = sourcecode.swift; path = NewsAPI.swift; sourceTree = "<group>"; };
		4D4ACE192C2417E5007C0DDE /* NewsListViewController.swift */ = {isa = PBXFileReference; lastKnownFileType = sourcecode.swift; path = NewsListViewController.swift; sourceTree = "<group>"; };
		4D4ACE1B2C241900007C0DDE /* NewsListViewController+ViewModel.swift */ = {isa = PBXFileReference; lastKnownFileType = sourcecode.swift; path = "NewsListViewController+ViewModel.swift"; sourceTree = "<group>"; };
		4D4ACE262C2428CA007C0DDE /* Collection+Extension.swift */ = {isa = PBXFileReference; lastKnownFileType = sourcecode.swift; path = "Collection+Extension.swift"; sourceTree = "<group>"; };
		4D4ACE282C242E66007C0DDE /* NewsListViewController+ViewHolder.swift */ = {isa = PBXFileReference; lastKnownFileType = sourcecode.swift; path = "NewsListViewController+ViewHolder.swift"; sourceTree = "<group>"; };
		4D5C72902C243270005C979F /* NewsListViewController+NewsListCollectionViewAdapter.swift */ = {isa = PBXFileReference; lastKnownFileType = sourcecode.swift; path = "NewsListViewController+NewsListCollectionViewAdapter.swift"; sourceTree = "<group>"; };
		4D5C72922C2432E5005C979F /* UICollectionView+Extension.swift */ = {isa = PBXFileReference; lastKnownFileType = sourcecode.swift; path = "UICollectionView+Extension.swift"; sourceTree = "<group>"; };
		4D5C72952C24335F005C979F /* BaseCollectionViewCell.swift */ = {isa = PBXFileReference; lastKnownFileType = sourcecode.swift; path = BaseCollectionViewCell.swift; sourceTree = "<group>"; };
		4D5C72992C243511005C979F /* NewsListViewController+NewsContentCell.swift */ = {isa = PBXFileReference; lastKnownFileType = sourcecode.swift; path = "NewsListViewController+NewsContentCell.swift"; sourceTree = "<group>"; };
		4D5C729B2C24355D005C979F /* NewsListViewController+NewsContentView.swift */ = {isa = PBXFileReference; lastKnownFileType = sourcecode.swift; path = "NewsListViewController+NewsContentView.swift"; sourceTree = "<group>"; };
		4D5C729D2C24383B005C979F /* UIImageView+Extension.swift */ = {isa = PBXFileReference; lastKnownFileType = sourcecode.swift; path = "UIImageView+Extension.swift"; sourceTree = "<group>"; };
		4D5C72A22C243975005C979F /* BaseView.swift */ = {isa = PBXFileReference; lastKnownFileType = sourcecode.swift; path = BaseView.swift; sourceTree = "<group>"; };
		4D5C72A42C243C12005C979F /* NewsListViewController+HeaderView.swift */ = {isa = PBXFileReference; lastKnownFileType = sourcecode.swift; path = "NewsListViewController+HeaderView.swift"; sourceTree = "<group>"; };
		4D5C72A62C243D21005C979F /* NewsListViewController+HeaderCell.swift */ = {isa = PBXFileReference; lastKnownFileType = sourcecode.swift; path = "NewsListViewController+HeaderCell.swift"; sourceTree = "<group>"; };
		4D5C72AA2C244797005C979F /* Date+Extension.swift */ = {isa = PBXFileReference; lastKnownFileType = sourcecode.swift; path = "Date+Extension.swift"; sourceTree = "<group>"; };
		4D6E52282C2084D00041FC86 /* MKNewsReader.app */ = {isa = PBXFileReference; explicitFileType = wrapper.application; includeInIndex = 0; path = MKNewsReader.app; sourceTree = BUILT_PRODUCTS_DIR; };
		4D6E52412C2084D20041FC86 /* MKNewsReaderTests.xctest */ = {isa = PBXFileReference; explicitFileType = wrapper.cfbundle; includeInIndex = 0; path = MKNewsReaderTests.xctest; sourceTree = BUILT_PRODUCTS_DIR; };
		4D6E52452C2084D20041FC86 /* MKNewsReaderTests.swift */ = {isa = PBXFileReference; lastKnownFileType = sourcecode.swift; path = MKNewsReaderTests.swift; sourceTree = "<group>"; };
		4D6E524B2C2084D20041FC86 /* MKNewsReaderUITests.xctest */ = {isa = PBXFileReference; explicitFileType = wrapper.cfbundle; includeInIndex = 0; path = MKNewsReaderUITests.xctest; sourceTree = BUILT_PRODUCTS_DIR; };
		4D6E524F2C2084D20041FC86 /* MKNewsReaderUITests.swift */ = {isa = PBXFileReference; lastKnownFileType = sourcecode.swift; path = MKNewsReaderUITests.swift; sourceTree = "<group>"; };
		4D6E52512C2084D20041FC86 /* MKNewsReaderUITestsLaunchTests.swift */ = {isa = PBXFileReference; lastKnownFileType = sourcecode.swift; path = MKNewsReaderUITestsLaunchTests.swift; sourceTree = "<group>"; };
		4D6E525F2C20852A0041FC86 /* AppDelegate.swift */ = {isa = PBXFileReference; fileEncoding = 4; lastKnownFileType = sourcecode.swift; path = AppDelegate.swift; sourceTree = "<group>"; };
		4D6E52602C20852A0041FC86 /* SceneDelegate.swift */ = {isa = PBXFileReference; fileEncoding = 4; lastKnownFileType = sourcecode.swift; path = SceneDelegate.swift; sourceTree = "<group>"; };
		4D6E52812C20860C0041FC86 /* Assets.xcassets */ = {isa = PBXFileReference; lastKnownFileType = folder.assetcatalog; path = Assets.xcassets; sourceTree = "<group>"; };
		4D6E52822C20860C0041FC86 /* Base */ = {isa = PBXFileReference; lastKnownFileType = file.storyboard; name = Base; path = LaunchScreen.storyboard; sourceTree = "<group>"; };
		4D6E52882C20860C0041FC86 /* MKNewsReader.xcdatamodel */ = {isa = PBXFileReference; lastKnownFileType = wrapper.xcdatamodel; path = MKNewsReader.xcdatamodel; sourceTree = "<group>"; };
		4D6E52962C208D780041FC86 /* Info.plist */ = {isa = PBXFileReference; fileEncoding = 4; lastKnownFileType = text.plist.xml; path = Info.plist; sourceTree = "<group>"; };
		4DDF4F8F2C26F15100FCB6AE /* NewsListViewController+NewsListSectionType.swift */ = {isa = PBXFileReference; lastKnownFileType = sourcecode.swift; path = "NewsListViewController+NewsListSectionType.swift"; sourceTree = "<group>"; };
		4DDF4F922C26F79B00FCB6AE /* AppDelegate+Kingfisher.swift */ = {isa = PBXFileReference; lastKnownFileType = sourcecode.swift; path = "AppDelegate+Kingfisher.swift"; sourceTree = "<group>"; };
		4DE6C5DF2C25A74C00BD3E00 /* NewsDetailViewController.swift */ = {isa = PBXFileReference; lastKnownFileType = sourcecode.swift; path = NewsDetailViewController.swift; sourceTree = "<group>"; };
		4DE6C5E12C25A76F00BD3E00 /* NewsDetailViewController+ViewModel.swift */ = {isa = PBXFileReference; lastKnownFileType = sourcecode.swift; path = "NewsDetailViewController+ViewModel.swift"; sourceTree = "<group>"; };
		4DE6C5E32C25A78600BD3E00 /* NewsDetailViewController+ViewHolder.swift */ = {isa = PBXFileReference; lastKnownFileType = sourcecode.swift; path = "NewsDetailViewController+ViewHolder.swift"; sourceTree = "<group>"; };
		4DE6C5E72C25B3F700BD3E00 /* BaseNavigationController.swift */ = {isa = PBXFileReference; lastKnownFileType = sourcecode.swift; path = BaseNavigationController.swift; sourceTree = "<group>"; };
		4DE6C5E92C25B57400BD3E00 /* BaseViewController.swift */ = {isa = PBXFileReference; lastKnownFileType = sourcecode.swift; path = BaseViewController.swift; sourceTree = "<group>"; };
/* End PBXFileReference section */

/* Begin PBXFrameworksBuildPhase section */
		4D6E52252C2084D00041FC86 /* Frameworks */ = {
			isa = PBXFrameworksBuildPhase;
			buildActionMask = 2147483647;
			files = (
				4D5C72A12C243884005C979F /* Kingfisher in Frameworks */,
				4D3861412C21B601000B51AA /* Alamofire in Frameworks */,
				4D4ACE2E2C2430B2007C0DDE /* SnapKit in Frameworks */,
			);
			runOnlyForDeploymentPostprocessing = 0;
		};
		4D6E523E2C2084D20041FC86 /* Frameworks */ = {
			isa = PBXFrameworksBuildPhase;
			buildActionMask = 2147483647;
			files = (
			);
			runOnlyForDeploymentPostprocessing = 0;
		};
		4D6E52482C2084D20041FC86 /* Frameworks */ = {
			isa = PBXFrameworksBuildPhase;
			buildActionMask = 2147483647;
			files = (
			);
			runOnlyForDeploymentPostprocessing = 0;
		};
/* End PBXFrameworksBuildPhase section */

/* Begin PBXGroup section */
		4D0730E22C22FFD30053A774 /* Configs */ = {
			isa = PBXGroup;
			children = (
				4D0730E52C23007C0053A774 /* Release.xcconfig */,
				4D0730E62C2300850053A774 /* Debug.xcconfig */,
			);
			path = Configs;
			sourceTree = "<group>";
		};
		4D0730E72C2302C20053A774 /* ManagedEnvironmentKeys */ = {
			isa = PBXGroup;
			children = (
				4D0730E82C2302E90053A774 /* ManagedEnvironmentKeys.swift */,
			);
			path = ManagedEnvironmentKeys;
			sourceTree = "<group>";
		};
		4D0730F02C23124C0053A774 /* News */ = {
			isa = PBXGroup;
			children = (
				4D0730F12C2312A40053A774 /* NewsDBService.swift */,
			);
			path = News;
			sourceTree = "<group>";
		};
		4D3861492C21BC0D000B51AA /* News */ = {
			isa = PBXGroup;
			children = (
				4D3861592C21E408000B51AA /* NewsAPI.swift */,
				4D38614A2C21BC22000B51AA /* NewsAPIService.swift */,
				4D3861512C21D9F1000B51AA /* TopHeadlineEntity.swift */,
				4D3861532C21DA05000B51AA /* ArticleEntity.swift */,
				4D3861552C21DA1C000B51AA /* ArticleSourceEntity.swift */,
			);
			path = News;
			sourceTree = "<group>";
		};
		4D38614C2C21C033000B51AA /* Common */ = {
			isa = PBXGroup;
			children = (
				4D38614D2C21C049000B51AA /* ISO8601DateWrapper.swift */,
				4D0730EA2C2305410053A774 /* BundleHelper.swift */,
			);
			path = Common;
			sourceTree = "<group>";
		};
		4D4ACE162C24178C007C0DDE /* News */ = {
			isa = PBXGroup;
			children = (
				4D4ACE172C2417B0007C0DDE /* NewsList */,
				4D4ACE182C2417BF007C0DDE /* NewsDetail */,
			);
			path = News;
			sourceTree = "<group>";
		};
		4D4ACE172C2417B0007C0DDE /* NewsList */ = {
			isa = PBXGroup;
			children = (
				4D4ACE192C2417E5007C0DDE /* NewsListViewController.swift */,
				4D4ACE282C242E66007C0DDE /* NewsListViewController+ViewHolder.swift */,
				4D4ACE1B2C241900007C0DDE /* NewsListViewController+ViewModel.swift */,
				4D5C72902C243270005C979F /* NewsListViewController+NewsListCollectionViewAdapter.swift */,
				4DDF4F8E2C26F13B00FCB6AE /* Model */,
				4DDF4F912C26F2CC00FCB6AE /* Cell */,
				4D5C72982C2434E8005C979F /* View */,
			);
			path = NewsList;
			sourceTree = "<group>";
		};
		4D4ACE182C2417BF007C0DDE /* NewsDetail */ = {
			isa = PBXGroup;
			children = (
				4DE6C5DF2C25A74C00BD3E00 /* NewsDetailViewController.swift */,
				4DE6C5E32C25A78600BD3E00 /* NewsDetailViewController+ViewHolder.swift */,
				4DE6C5E12C25A76F00BD3E00 /* NewsDetailViewController+ViewModel.swift */,
			);
			path = NewsDetail;
			sourceTree = "<group>";
		};
		4D5C72942C243351005C979F /* Base */ = {
			isa = PBXGroup;
			children = (
				4DE6C5E72C25B3F700BD3E00 /* BaseNavigationController.swift */,
				4DE6C5E92C25B57400BD3E00 /* BaseViewController.swift */,
				4D5C72952C24335F005C979F /* BaseCollectionViewCell.swift */,
				4D5C72A22C243975005C979F /* BaseView.swift */,
			);
			path = Base;
			sourceTree = "<group>";
		};
		4D5C72972C2433B5005C979F /* Extension */ = {
			isa = PBXGroup;
			children = (
				4D4ACE262C2428CA007C0DDE /* Collection+Extension.swift */,
				4D5C72922C2432E5005C979F /* UICollectionView+Extension.swift */,
				4D5C729D2C24383B005C979F /* UIImageView+Extension.swift */,
				4D5C72AA2C244797005C979F /* Date+Extension.swift */,
			);
			path = Extension;
			sourceTree = "<group>";
		};
		4D5C72982C2434E8005C979F /* View */ = {
			isa = PBXGroup;
			children = (
				4D5C729B2C24355D005C979F /* NewsListViewController+NewsContentView.swift */,
				4D5C72A42C243C12005C979F /* NewsListViewController+HeaderView.swift */,
			);
			path = View;
			sourceTree = "<group>";
		};
		4D6E521F2C2084D00041FC86 = {
			isa = PBXGroup;
			children = (
				4D6E522A2C2084D00041FC86 /* MKNewsReader */,
				4D6E52442C2084D20041FC86 /* MKNewsReaderTests */,
				4D6E524E2C2084D20041FC86 /* MKNewsReaderUITests */,
				4D6E52292C2084D00041FC86 /* Products */,
			);
			sourceTree = "<group>";
		};
		4D6E52292C2084D00041FC86 /* Products */ = {
			isa = PBXGroup;
			children = (
				4D6E52282C2084D00041FC86 /* MKNewsReader.app */,
				4D6E52412C2084D20041FC86 /* MKNewsReaderTests.xctest */,
				4D6E524B2C2084D20041FC86 /* MKNewsReaderUITests.xctest */,
			);
			name = Products;
			sourceTree = "<group>";
		};
		4D6E522A2C2084D00041FC86 /* MKNewsReader */ = {
			isa = PBXGroup;
			children = (
				4D6E52962C208D780041FC86 /* Info.plist */,
				4D0730E22C22FFD30053A774 /* Configs */,
				4D6E52692C20852A0041FC86 /* Resources */,
				4D6E52622C20852A0041FC86 /* Sources */,
			);
			path = MKNewsReader;
			sourceTree = "<group>";
		};
		4D6E52442C2084D20041FC86 /* MKNewsReaderTests */ = {
			isa = PBXGroup;
			children = (
				4D6E52452C2084D20041FC86 /* MKNewsReaderTests.swift */,
			);
			path = MKNewsReaderTests;
			sourceTree = "<group>";
		};
		4D6E524E2C2084D20041FC86 /* MKNewsReaderUITests */ = {
			isa = PBXGroup;
			children = (
				4D6E524F2C2084D20041FC86 /* MKNewsReaderUITests.swift */,
				4D6E52512C2084D20041FC86 /* MKNewsReaderUITestsLaunchTests.swift */,
			);
			path = MKNewsReaderUITests;
			sourceTree = "<group>";
		};
		4D6E52622C20852A0041FC86 /* Sources */ = {
			isa = PBXGroup;
			children = (
				4D0730E72C2302C20053A774 /* ManagedEnvironmentKeys */,
				4D6E52D82C208E660041FC86 /* Database */,
				4D6E528D2C20892F0041FC86 /* Networking */,
				4D6E528F2C2089A50041FC86 /* Repository */,
				4D6E528E2C20897F0041FC86 /* Presenter */,
				4D38614C2C21C033000B51AA /* Common */,
				4D5C72972C2433B5005C979F /* Extension */,
				4D6E525F2C20852A0041FC86 /* AppDelegate.swift */,
				4DDF4F922C26F79B00FCB6AE /* AppDelegate+Kingfisher.swift */,
				4D6E52602C20852A0041FC86 /* SceneDelegate.swift */,
			);
			path = Sources;
			sourceTree = "<group>";
		};
		4D6E52692C20852A0041FC86 /* Resources */ = {
			isa = PBXGroup;
			children = (
				4D6E52812C20860C0041FC86 /* Assets.xcassets */,
				4D6E52862C20860C0041FC86 /* Base.lproj */,
			);
			path = Resources;
			sourceTree = "<group>";
		};
		4D6E52862C20860C0041FC86 /* Base.lproj */ = {
			isa = PBXGroup;
			children = (
				4D6E52832C20860C0041FC86 /* LaunchScreen.storyboard */,
			);
			path = Base.lproj;
			sourceTree = "<group>";
		};
		4D6E528D2C20892F0041FC86 /* Networking */ = {
			isa = PBXGroup;
			children = (
				4D3861452C21B876000B51AA /* BaseAPIService.swift */,
				4D3861472C21B980000B51AA /* NetworkingError.swift */,
				4D38614F2C21D9A2000B51AA /* APIPublisher.swift */,
				4D3861572C21E343000B51AA /* API.swift */,
				4D3861492C21BC0D000B51AA /* News */,
			);
			path = Networking;
			sourceTree = "<group>";
		};
		4D6E528E2C20897F0041FC86 /* Presenter */ = {
			isa = PBXGroup;
			children = (
				4D5C72942C243351005C979F /* Base */,
				4D4ACE162C24178C007C0DDE /* News */,
			);
			path = Presenter;
			sourceTree = "<group>";
		};
		4D6E528F2C2089A50041FC86 /* Repository */ = {
			isa = PBXGroup;
			children = (
				4DDF4F8B2C26F06800FCB6AE /* News */,
			);
			path = Repository;
			sourceTree = "<group>";
		};
		4D6E52D82C208E660041FC86 /* Database */ = {
			isa = PBXGroup;
			children = (
				4D6E52872C20860C0041FC86 /* MKNewsReader.xcdatamodeld */,
				4D0730EC2C230AE80053A774 /* CoreDataStack.swift */,
				4D0730EE2C230B850053A774 /* CoreDataHelper.swift */,
				4D0730F02C23124C0053A774 /* News */,
			);
			path = Database;
			sourceTree = "<group>";
		};
		4DDF4F8B2C26F06800FCB6AE /* News */ = {
			isa = PBXGroup;
			children = (
				4D126EB72C23CBA40042E6E5 /* NewsRepository.swift */,
				4D126EB92C23D17F0042E6E5 /* NewsContent.swift */,
			);
			path = News;
			sourceTree = "<group>";
		};
		4DDF4F8E2C26F13B00FCB6AE /* Model */ = {
			isa = PBXGroup;
			children = (
				4DDF4F8F2C26F15100FCB6AE /* NewsListViewController+NewsListSectionType.swift */,
			);
			path = Model;
			sourceTree = "<group>";
		};
		4DDF4F912C26F2CC00FCB6AE /* Cell */ = {
			isa = PBXGroup;
			children = (
				4D5C72992C243511005C979F /* NewsListViewController+NewsContentCell.swift */,
				4D5C72A62C243D21005C979F /* NewsListViewController+HeaderCell.swift */,
			);
			path = Cell;
			sourceTree = "<group>";
		};
/* End PBXGroup section */

/* Begin PBXNativeTarget section */
		4D6E52272C2084D00041FC86 /* MKNewsReader */ = {
			isa = PBXNativeTarget;
			buildConfigurationList = 4D6E52552C2084D20041FC86 /* Build configuration list for PBXNativeTarget "MKNewsReader" */;
			buildPhases = (
				4D6E52902C208B7A0041FC86 /* Run SwiftLint Script */,
				4D6E52242C2084D00041FC86 /* Sources */,
				4D6E52252C2084D00041FC86 /* Frameworks */,
				4D6E52262C2084D00041FC86 /* Resources */,
			);
			buildRules = (
			);
			dependencies = (
			);
			name = MKNewsReader;
			packageProductDependencies = (
				4D3861402C21B601000B51AA /* Alamofire */,
				4D4ACE2D2C2430B2007C0DDE /* SnapKit */,
				4D5C72A02C243884005C979F /* Kingfisher */,
			);
			productName = MKNewsReader;
			productReference = 4D6E52282C2084D00041FC86 /* MKNewsReader.app */;
			productType = "com.apple.product-type.application";
		};
		4D6E52402C2084D20041FC86 /* MKNewsReaderTests */ = {
			isa = PBXNativeTarget;
			buildConfigurationList = 4D6E52582C2084D20041FC86 /* Build configuration list for PBXNativeTarget "MKNewsReaderTests" */;
			buildPhases = (
				4D6E523D2C2084D20041FC86 /* Sources */,
				4D6E523E2C2084D20041FC86 /* Frameworks */,
				4D6E523F2C2084D20041FC86 /* Resources */,
			);
			buildRules = (
			);
			dependencies = (
				4D6E52432C2084D20041FC86 /* PBXTargetDependency */,
			);
			name = MKNewsReaderTests;
			productName = MKNewsReaderTests;
			productReference = 4D6E52412C2084D20041FC86 /* MKNewsReaderTests.xctest */;
			productType = "com.apple.product-type.bundle.unit-test";
		};
		4D6E524A2C2084D20041FC86 /* MKNewsReaderUITests */ = {
			isa = PBXNativeTarget;
			buildConfigurationList = 4D6E525B2C2084D20041FC86 /* Build configuration list for PBXNativeTarget "MKNewsReaderUITests" */;
			buildPhases = (
				4D6E52472C2084D20041FC86 /* Sources */,
				4D6E52482C2084D20041FC86 /* Frameworks */,
				4D6E52492C2084D20041FC86 /* Resources */,
			);
			buildRules = (
			);
			dependencies = (
				4D6E524D2C2084D20041FC86 /* PBXTargetDependency */,
			);
			name = MKNewsReaderUITests;
			productName = MKNewsReaderUITests;
			productReference = 4D6E524B2C2084D20041FC86 /* MKNewsReaderUITests.xctest */;
			productType = "com.apple.product-type.bundle.ui-testing";
		};
/* End PBXNativeTarget section */

/* Begin PBXProject section */
		4D6E52202C2084D00041FC86 /* Project object */ = {
			isa = PBXProject;
			attributes = {
				BuildIndependentTargetsInParallel = 1;
				LastSwiftUpdateCheck = 1540;
				LastUpgradeCheck = 1540;
				TargetAttributes = {
					4D6E52272C2084D00041FC86 = {
						CreatedOnToolsVersion = 15.4;
					};
					4D6E52402C2084D20041FC86 = {
						CreatedOnToolsVersion = 15.4;
						TestTargetID = 4D6E52272C2084D00041FC86;
					};
					4D6E524A2C2084D20041FC86 = {
						CreatedOnToolsVersion = 15.4;
						TestTargetID = 4D6E52272C2084D00041FC86;
					};
				};
			};
			buildConfigurationList = 4D6E52232C2084D00041FC86 /* Build configuration list for PBXProject "MKNewsReader" */;
			compatibilityVersion = "Xcode 14.0";
			developmentRegion = en;
			hasScannedForEncodings = 0;
			knownRegions = (
				en,
				Base,
			);
			mainGroup = 4D6E521F2C2084D00041FC86;
			packageReferences = (
				4D38613F2C21B601000B51AA /* XCRemoteSwiftPackageReference "Alamofire" */,
				4D4ACE2C2C2430B2007C0DDE /* XCRemoteSwiftPackageReference "SnapKit" */,
				4D5C729F2C243884005C979F /* XCRemoteSwiftPackageReference "Kingfisher" */,
			);
			productRefGroup = 4D6E52292C2084D00041FC86 /* Products */;
			projectDirPath = "";
			projectRoot = "";
			targets = (
				4D6E52272C2084D00041FC86 /* MKNewsReader */,
				4D6E52402C2084D20041FC86 /* MKNewsReaderTests */,
				4D6E524A2C2084D20041FC86 /* MKNewsReaderUITests */,
			);
		};
/* End PBXProject section */

/* Begin PBXResourcesBuildPhase section */
		4D6E52262C2084D00041FC86 /* Resources */ = {
			isa = PBXResourcesBuildPhase;
			buildActionMask = 2147483647;
			files = (
				4D6E52892C20860C0041FC86 /* Assets.xcassets in Resources */,
				4D6E528A2C20860C0041FC86 /* LaunchScreen.storyboard in Resources */,
			);
			runOnlyForDeploymentPostprocessing = 0;
		};
		4D6E523F2C2084D20041FC86 /* Resources */ = {
			isa = PBXResourcesBuildPhase;
			buildActionMask = 2147483647;
			files = (
			);
			runOnlyForDeploymentPostprocessing = 0;
		};
		4D6E52492C2084D20041FC86 /* Resources */ = {
			isa = PBXResourcesBuildPhase;
			buildActionMask = 2147483647;
			files = (
			);
			runOnlyForDeploymentPostprocessing = 0;
		};
/* End PBXResourcesBuildPhase section */

/* Begin PBXShellScriptBuildPhase section */
		4D6E52902C208B7A0041FC86 /* Run SwiftLint Script */ = {
			isa = PBXShellScriptBuildPhase;
			buildActionMask = 2147483647;
			files = (
			);
			inputFileListPaths = (
			);
			inputPaths = (
			);
			name = "Run SwiftLint Script";
			outputFileListPaths = (
			);
			outputPaths = (
			);
			runOnlyForDeploymentPostprocessing = 0;
			shellPath = /bin/sh;
			shellScript = "if which swiftlint >/dev/null; then\n  swiftlint\nelse\n  echo \"warning: SwiftLint not installed, download from https://github.com/realm/SwiftLint\"\nfi\n";
		};
/* End PBXShellScriptBuildPhase section */

/* Begin PBXSourcesBuildPhase section */
		4D6E52242C2084D00041FC86 /* Sources */ = {
			isa = PBXSourcesBuildPhase;
			buildActionMask = 2147483647;
			files = (
				4D4ACE152C2416A1007C0DDE /* NewsRepository.swift in Sources */,
				4D5C72912C243270005C979F /* NewsListViewController+NewsListCollectionViewAdapter.swift in Sources */,
				4D5C72A72C243D21005C979F /* NewsListViewController+HeaderCell.swift in Sources */,
				4D5C729A2C243511005C979F /* NewsListViewController+NewsContentCell.swift in Sources */,
				4D5C729C2C24355D005C979F /* NewsListViewController+NewsContentView.swift in Sources */,
				4DE6C5EA2C25B57400BD3E00 /* BaseViewController.swift in Sources */,
				4D0730F22C2312A40053A774 /* NewsDBService.swift in Sources */,
				4D6E526B2C20852A0041FC86 /* AppDelegate.swift in Sources */,
				4D6E528C2C20860C0041FC86 /* MKNewsReader.xcdatamodeld in Sources */,
				4D3861522C21D9F1000B51AA /* TopHeadlineEntity.swift in Sources */,
				4DE6C5E22C25A76F00BD3E00 /* NewsDetailViewController+ViewModel.swift in Sources */,
				4D3861462C21B876000B51AA /* BaseAPIService.swift in Sources */,
				4DE6C5E42C25A78600BD3E00 /* NewsDetailViewController+ViewHolder.swift in Sources */,
				4D5C72A32C243975005C979F /* BaseView.swift in Sources */,
				4D3861542C21DA05000B51AA /* ArticleEntity.swift in Sources */,
				4D38615A2C21E408000B51AA /* NewsAPI.swift in Sources */,
				4D4ACE1C2C241900007C0DDE /* NewsListViewController+ViewModel.swift in Sources */,
				4DDF4F932C26F79B00FCB6AE /* AppDelegate+Kingfisher.swift in Sources */,
				4D4ACE272C2428CA007C0DDE /* Collection+Extension.swift in Sources */,
				4D3861502C21D9A2000B51AA /* APIPublisher.swift in Sources */,
				4D0730EB2C2305410053A774 /* BundleHelper.swift in Sources */,
				4D5C72AB2C244797005C979F /* Date+Extension.swift in Sources */,
				4D126EBA2C23D17F0042E6E5 /* NewsContent.swift in Sources */,
				4DDF4F902C26F15100FCB6AE /* NewsListViewController+NewsListSectionType.swift in Sources */,
				4D0730E92C2302E90053A774 /* ManagedEnvironmentKeys.swift in Sources */,
				4D5C72A52C243C12005C979F /* NewsListViewController+HeaderView.swift in Sources */,
				4D5C72932C2432E5005C979F /* UICollectionView+Extension.swift in Sources */,
				4D38614E2C21C049000B51AA /* ISO8601DateWrapper.swift in Sources */,
				4D3861582C21E343000B51AA /* API.swift in Sources */,
				4DE6C5E82C25B3F700BD3E00 /* BaseNavigationController.swift in Sources */,
				4DE6C5E02C25A74C00BD3E00 /* NewsDetailViewController.swift in Sources */,
				4D0730ED2C230AE80053A774 /* CoreDataStack.swift in Sources */,
				4D5C72962C24335F005C979F /* BaseCollectionViewCell.swift in Sources */,
				4D38614B2C21BC22000B51AA /* NewsAPIService.swift in Sources */,
				4D3861482C21B980000B51AA /* NetworkingError.swift in Sources */,
				4D5C729E2C24383B005C979F /* UIImageView+Extension.swift in Sources */,
				4D4ACE1A2C2417E5007C0DDE /* NewsListViewController.swift in Sources */,
				4D4ACE292C242E66007C0DDE /* NewsListViewController+ViewHolder.swift in Sources */,
				4D3861562C21DA1C000B51AA /* ArticleSourceEntity.swift in Sources */,
				4D0730EF2C230B850053A774 /* CoreDataHelper.swift in Sources */,
				4D6E526C2C20852A0041FC86 /* SceneDelegate.swift in Sources */,
			);
			runOnlyForDeploymentPostprocessing = 0;
		};
		4D6E523D2C2084D20041FC86 /* Sources */ = {
			isa = PBXSourcesBuildPhase;
			buildActionMask = 2147483647;
			files = (
				4D6E52462C2084D20041FC86 /* MKNewsReaderTests.swift in Sources */,
			);
			runOnlyForDeploymentPostprocessing = 0;
		};
		4D6E52472C2084D20041FC86 /* Sources */ = {
			isa = PBXSourcesBuildPhase;
			buildActionMask = 2147483647;
			files = (
				4D6E52522C2084D20041FC86 /* MKNewsReaderUITestsLaunchTests.swift in Sources */,
				4D6E52502C2084D20041FC86 /* MKNewsReaderUITests.swift in Sources */,
			);
			runOnlyForDeploymentPostprocessing = 0;
		};
/* End PBXSourcesBuildPhase section */

/* Begin PBXTargetDependency section */
		4D6E52432C2084D20041FC86 /* PBXTargetDependency */ = {
			isa = PBXTargetDependency;
			target = 4D6E52272C2084D00041FC86 /* MKNewsReader */;
			targetProxy = 4D6E52422C2084D20041FC86 /* PBXContainerItemProxy */;
		};
		4D6E524D2C2084D20041FC86 /* PBXTargetDependency */ = {
			isa = PBXTargetDependency;
			target = 4D6E52272C2084D00041FC86 /* MKNewsReader */;
			targetProxy = 4D6E524C2C2084D20041FC86 /* PBXContainerItemProxy */;
		};
/* End PBXTargetDependency section */

/* Begin PBXVariantGroup section */
		4D6E52832C20860C0041FC86 /* LaunchScreen.storyboard */ = {
			isa = PBXVariantGroup;
			children = (
				4D6E52822C20860C0041FC86 /* Base */,
			);
			name = LaunchScreen.storyboard;
			sourceTree = "<group>";
		};
/* End PBXVariantGroup section */

/* Begin XCBuildConfiguration section */
		4D6E52532C2084D20041FC86 /* Debug */ = {
			isa = XCBuildConfiguration;
			baseConfigurationReference = 4D0730E62C2300850053A774 /* Debug.xcconfig */;
			buildSettings = {
				ALWAYS_SEARCH_USER_PATHS = NO;
				ASSETCATALOG_COMPILER_GENERATE_SWIFT_ASSET_SYMBOL_EXTENSIONS = YES;
				CLANG_ANALYZER_NONNULL = YES;
				CLANG_ANALYZER_NUMBER_OBJECT_CONVERSION = YES_AGGRESSIVE;
				CLANG_CXX_LANGUAGE_STANDARD = "gnu++20";
				CLANG_ENABLE_MODULES = YES;
				CLANG_ENABLE_OBJC_ARC = YES;
				CLANG_ENABLE_OBJC_WEAK = YES;
				CLANG_WARN_BLOCK_CAPTURE_AUTORELEASING = YES;
				CLANG_WARN_BOOL_CONVERSION = YES;
				CLANG_WARN_COMMA = YES;
				CLANG_WARN_CONSTANT_CONVERSION = YES;
				CLANG_WARN_DEPRECATED_OBJC_IMPLEMENTATIONS = YES;
				CLANG_WARN_DIRECT_OBJC_ISA_USAGE = YES_ERROR;
				CLANG_WARN_DOCUMENTATION_COMMENTS = YES;
				CLANG_WARN_EMPTY_BODY = YES;
				CLANG_WARN_ENUM_CONVERSION = YES;
				CLANG_WARN_INFINITE_RECURSION = YES;
				CLANG_WARN_INT_CONVERSION = YES;
				CLANG_WARN_NON_LITERAL_NULL_CONVERSION = YES;
				CLANG_WARN_OBJC_IMPLICIT_RETAIN_SELF = YES;
				CLANG_WARN_OBJC_LITERAL_CONVERSION = YES;
				CLANG_WARN_OBJC_ROOT_CLASS = YES_ERROR;
				CLANG_WARN_QUOTED_INCLUDE_IN_FRAMEWORK_HEADER = YES;
				CLANG_WARN_RANGE_LOOP_ANALYSIS = YES;
				CLANG_WARN_STRICT_PROTOTYPES = YES;
				CLANG_WARN_SUSPICIOUS_MOVE = YES;
				CLANG_WARN_UNGUARDED_AVAILABILITY = YES_AGGRESSIVE;
				CLANG_WARN_UNREACHABLE_CODE = YES;
				CLANG_WARN__DUPLICATE_METHOD_MATCH = YES;
				COPY_PHASE_STRIP = NO;
				DEBUG_INFORMATION_FORMAT = dwarf;
				ENABLE_STRICT_OBJC_MSGSEND = YES;
				ENABLE_TESTABILITY = YES;
				ENABLE_USER_SCRIPT_SANDBOXING = YES;
				GCC_C_LANGUAGE_STANDARD = gnu17;
				GCC_DYNAMIC_NO_PIC = NO;
				GCC_NO_COMMON_BLOCKS = YES;
				GCC_OPTIMIZATION_LEVEL = 0;
				GCC_PREPROCESSOR_DEFINITIONS = (
					"DEBUG=1",
					"$(inherited)",
				);
				GCC_WARN_64_TO_32_BIT_CONVERSION = YES;
				GCC_WARN_ABOUT_RETURN_TYPE = YES_ERROR;
				GCC_WARN_UNDECLARED_SELECTOR = YES;
				GCC_WARN_UNINITIALIZED_AUTOS = YES_AGGRESSIVE;
				GCC_WARN_UNUSED_FUNCTION = YES;
				GCC_WARN_UNUSED_VARIABLE = YES;
				IPHONEOS_DEPLOYMENT_TARGET = 16.0;
				LOCALIZATION_PREFERS_STRING_CATALOGS = YES;
				MTL_ENABLE_DEBUG_INFO = INCLUDE_SOURCE;
				MTL_FAST_MATH = YES;
				ONLY_ACTIVE_ARCH = YES;
				SDKROOT = iphoneos;
				SWIFT_ACTIVE_COMPILATION_CONDITIONS = "DEBUG $(inherited)";
				SWIFT_OPTIMIZATION_LEVEL = "-Onone";
			};
			name = Debug;
		};
		4D6E52542C2084D20041FC86 /* Release */ = {
			isa = XCBuildConfiguration;
			baseConfigurationReference = 4D0730E52C23007C0053A774 /* Release.xcconfig */;
			buildSettings = {
				ALWAYS_SEARCH_USER_PATHS = NO;
				ASSETCATALOG_COMPILER_GENERATE_SWIFT_ASSET_SYMBOL_EXTENSIONS = YES;
				CLANG_ANALYZER_NONNULL = YES;
				CLANG_ANALYZER_NUMBER_OBJECT_CONVERSION = YES_AGGRESSIVE;
				CLANG_CXX_LANGUAGE_STANDARD = "gnu++20";
				CLANG_ENABLE_MODULES = YES;
				CLANG_ENABLE_OBJC_ARC = YES;
				CLANG_ENABLE_OBJC_WEAK = YES;
				CLANG_WARN_BLOCK_CAPTURE_AUTORELEASING = YES;
				CLANG_WARN_BOOL_CONVERSION = YES;
				CLANG_WARN_COMMA = YES;
				CLANG_WARN_CONSTANT_CONVERSION = YES;
				CLANG_WARN_DEPRECATED_OBJC_IMPLEMENTATIONS = YES;
				CLANG_WARN_DIRECT_OBJC_ISA_USAGE = YES_ERROR;
				CLANG_WARN_DOCUMENTATION_COMMENTS = YES;
				CLANG_WARN_EMPTY_BODY = YES;
				CLANG_WARN_ENUM_CONVERSION = YES;
				CLANG_WARN_INFINITE_RECURSION = YES;
				CLANG_WARN_INT_CONVERSION = YES;
				CLANG_WARN_NON_LITERAL_NULL_CONVERSION = YES;
				CLANG_WARN_OBJC_IMPLICIT_RETAIN_SELF = YES;
				CLANG_WARN_OBJC_LITERAL_CONVERSION = YES;
				CLANG_WARN_OBJC_ROOT_CLASS = YES_ERROR;
				CLANG_WARN_QUOTED_INCLUDE_IN_FRAMEWORK_HEADER = YES;
				CLANG_WARN_RANGE_LOOP_ANALYSIS = YES;
				CLANG_WARN_STRICT_PROTOTYPES = YES;
				CLANG_WARN_SUSPICIOUS_MOVE = YES;
				CLANG_WARN_UNGUARDED_AVAILABILITY = YES_AGGRESSIVE;
				CLANG_WARN_UNREACHABLE_CODE = YES;
				CLANG_WARN__DUPLICATE_METHOD_MATCH = YES;
				COPY_PHASE_STRIP = NO;
				DEBUG_INFORMATION_FORMAT = "dwarf-with-dsym";
				ENABLE_NS_ASSERTIONS = NO;
				ENABLE_STRICT_OBJC_MSGSEND = YES;
				ENABLE_USER_SCRIPT_SANDBOXING = YES;
				GCC_C_LANGUAGE_STANDARD = gnu17;
				GCC_NO_COMMON_BLOCKS = YES;
				GCC_WARN_64_TO_32_BIT_CONVERSION = YES;
				GCC_WARN_ABOUT_RETURN_TYPE = YES_ERROR;
				GCC_WARN_UNDECLARED_SELECTOR = YES;
				GCC_WARN_UNINITIALIZED_AUTOS = YES_AGGRESSIVE;
				GCC_WARN_UNUSED_FUNCTION = YES;
				GCC_WARN_UNUSED_VARIABLE = YES;
				IPHONEOS_DEPLOYMENT_TARGET = 16.0;
				LOCALIZATION_PREFERS_STRING_CATALOGS = YES;
				MTL_ENABLE_DEBUG_INFO = NO;
				MTL_FAST_MATH = YES;
				SDKROOT = iphoneos;
				SWIFT_COMPILATION_MODE = wholemodule;
				VALIDATE_PRODUCT = YES;
			};
			name = Release;
		};
		4D6E52562C2084D20041FC86 /* Debug */ = {
			isa = XCBuildConfiguration;
			buildSettings = {
				ASSETCATALOG_COMPILER_APPICON_NAME = AppIcon;
				ASSETCATALOG_COMPILER_GLOBAL_ACCENT_COLOR_NAME = AccentColor;
				CODE_SIGN_STYLE = Automatic;
				CURRENT_PROJECT_VERSION = 1;
				GENERATE_INFOPLIST_FILE = YES;
				INFOPLIST_FILE = MKNewsReader/Info.plist;
				INFOPLIST_KEY_UIApplicationSupportsIndirectInputEvents = YES;
				INFOPLIST_KEY_UILaunchStoryboardName = LaunchScreen;
				INFOPLIST_KEY_UISupportedInterfaceOrientations_iPad = "UIInterfaceOrientationPortrait UIInterfaceOrientationPortraitUpsideDown UIInterfaceOrientationLandscapeLeft UIInterfaceOrientationLandscapeRight";
				INFOPLIST_KEY_UISupportedInterfaceOrientations_iPhone = "UIInterfaceOrientationPortrait UIInterfaceOrientationLandscapeLeft UIInterfaceOrientationLandscapeRight";
				IPHONEOS_DEPLOYMENT_TARGET = 16.0;
				LD_RUNPATH_SEARCH_PATHS = (
					"$(inherited)",
					"@executable_path/Frameworks",
				);
				MARKETING_VERSION = 1.0;
				PRODUCT_BUNDLE_IDENTIFIER = com.MK.MKNewsReader;
				PRODUCT_NAME = "$(TARGET_NAME)";
				SWIFT_EMIT_LOC_STRINGS = YES;
				SWIFT_VERSION = 5.0;
				TARGETED_DEVICE_FAMILY = "1,2";
			};
			name = Debug;
		};
		4D6E52572C2084D20041FC86 /* Release */ = {
			isa = XCBuildConfiguration;
			buildSettings = {
				ASSETCATALOG_COMPILER_APPICON_NAME = AppIcon;
				ASSETCATALOG_COMPILER_GLOBAL_ACCENT_COLOR_NAME = AccentColor;
				CODE_SIGN_STYLE = Automatic;
				CURRENT_PROJECT_VERSION = 1;
				GENERATE_INFOPLIST_FILE = YES;
				INFOPLIST_FILE = MKNewsReader/Info.plist;
				INFOPLIST_KEY_UIApplicationSupportsIndirectInputEvents = YES;
				INFOPLIST_KEY_UILaunchStoryboardName = LaunchScreen;
				INFOPLIST_KEY_UISupportedInterfaceOrientations_iPad = "UIInterfaceOrientationPortrait UIInterfaceOrientationPortraitUpsideDown UIInterfaceOrientationLandscapeLeft UIInterfaceOrientationLandscapeRight";
				INFOPLIST_KEY_UISupportedInterfaceOrientations_iPhone = "UIInterfaceOrientationPortrait UIInterfaceOrientationLandscapeLeft UIInterfaceOrientationLandscapeRight";
				IPHONEOS_DEPLOYMENT_TARGET = 16.0;
				LD_RUNPATH_SEARCH_PATHS = (
					"$(inherited)",
					"@executable_path/Frameworks",
				);
				MARKETING_VERSION = 1.0;
				PRODUCT_BUNDLE_IDENTIFIER = com.MK.MKNewsReader;
				PRODUCT_NAME = "$(TARGET_NAME)";
				SWIFT_EMIT_LOC_STRINGS = YES;
				SWIFT_VERSION = 5.0;
				TARGETED_DEVICE_FAMILY = "1,2";
			};
			name = Release;
		};
		4D6E52592C2084D20041FC86 /* Debug */ = {
			isa = XCBuildConfiguration;
			buildSettings = {
				ALWAYS_EMBED_SWIFT_STANDARD_LIBRARIES = YES;
				BUNDLE_LOADER = "$(TEST_HOST)";
				CODE_SIGN_STYLE = Automatic;
				CURRENT_PROJECT_VERSION = 1;
				GENERATE_INFOPLIST_FILE = YES;
				IPHONEOS_DEPLOYMENT_TARGET = 17.5;
				MARKETING_VERSION = 1.0;
				PRODUCT_BUNDLE_IDENTIFIER = com.MK.MKNewsReaderTests;
				PRODUCT_NAME = "$(TARGET_NAME)";
				SWIFT_EMIT_LOC_STRINGS = NO;
				SWIFT_VERSION = 5.0;
				TARGETED_DEVICE_FAMILY = "1,2";
				TEST_HOST = "$(BUILT_PRODUCTS_DIR)/MKNewsReader.app/$(BUNDLE_EXECUTABLE_FOLDER_PATH)/MKNewsReader";
			};
			name = Debug;
		};
		4D6E525A2C2084D20041FC86 /* Release */ = {
			isa = XCBuildConfiguration;
			buildSettings = {
				ALWAYS_EMBED_SWIFT_STANDARD_LIBRARIES = YES;
				BUNDLE_LOADER = "$(TEST_HOST)";
				CODE_SIGN_STYLE = Automatic;
				CURRENT_PROJECT_VERSION = 1;
				GENERATE_INFOPLIST_FILE = YES;
				IPHONEOS_DEPLOYMENT_TARGET = 17.5;
				MARKETING_VERSION = 1.0;
				PRODUCT_BUNDLE_IDENTIFIER = com.MK.MKNewsReaderTests;
				PRODUCT_NAME = "$(TARGET_NAME)";
				SWIFT_EMIT_LOC_STRINGS = NO;
				SWIFT_VERSION = 5.0;
				TARGETED_DEVICE_FAMILY = "1,2";
				TEST_HOST = "$(BUILT_PRODUCTS_DIR)/MKNewsReader.app/$(BUNDLE_EXECUTABLE_FOLDER_PATH)/MKNewsReader";
			};
			name = Release;
		};
		4D6E525C2C2084D20041FC86 /* Debug */ = {
			isa = XCBuildConfiguration;
			buildSettings = {
				ALWAYS_EMBED_SWIFT_STANDARD_LIBRARIES = YES;
				CODE_SIGN_STYLE = Automatic;
				CURRENT_PROJECT_VERSION = 1;
				GENERATE_INFOPLIST_FILE = YES;
				MARKETING_VERSION = 1.0;
				PRODUCT_BUNDLE_IDENTIFIER = com.MK.MKNewsReaderUITests;
				PRODUCT_NAME = "$(TARGET_NAME)";
				SWIFT_EMIT_LOC_STRINGS = NO;
				SWIFT_VERSION = 5.0;
				TARGETED_DEVICE_FAMILY = "1,2";
				TEST_TARGET_NAME = MKNewsReader;
			};
			name = Debug;
		};
		4D6E525D2C2084D20041FC86 /* Release */ = {
			isa = XCBuildConfiguration;
			buildSettings = {
				ALWAYS_EMBED_SWIFT_STANDARD_LIBRARIES = YES;
				CODE_SIGN_STYLE = Automatic;
				CURRENT_PROJECT_VERSION = 1;
				GENERATE_INFOPLIST_FILE = YES;
				MARKETING_VERSION = 1.0;
				PRODUCT_BUNDLE_IDENTIFIER = com.MK.MKNewsReaderUITests;
				PRODUCT_NAME = "$(TARGET_NAME)";
				SWIFT_EMIT_LOC_STRINGS = NO;
				SWIFT_VERSION = 5.0;
				TARGETED_DEVICE_FAMILY = "1,2";
				TEST_TARGET_NAME = MKNewsReader;
			};
			name = Release;
		};
/* End XCBuildConfiguration section */

/* Begin XCConfigurationList section */
		4D6E52232C2084D00041FC86 /* Build configuration list for PBXProject "MKNewsReader" */ = {
			isa = XCConfigurationList;
			buildConfigurations = (
				4D6E52532C2084D20041FC86 /* Debug */,
				4D6E52542C2084D20041FC86 /* Release */,
			);
			defaultConfigurationIsVisible = 0;
			defaultConfigurationName = Release;
		};
		4D6E52552C2084D20041FC86 /* Build configuration list for PBXNativeTarget "MKNewsReader" */ = {
			isa = XCConfigurationList;
			buildConfigurations = (
				4D6E52562C2084D20041FC86 /* Debug */,
				4D6E52572C2084D20041FC86 /* Release */,
			);
			defaultConfigurationIsVisible = 0;
			defaultConfigurationName = Release;
		};
		4D6E52582C2084D20041FC86 /* Build configuration list for PBXNativeTarget "MKNewsReaderTests" */ = {
			isa = XCConfigurationList;
			buildConfigurations = (
				4D6E52592C2084D20041FC86 /* Debug */,
				4D6E525A2C2084D20041FC86 /* Release */,
			);
			defaultConfigurationIsVisible = 0;
			defaultConfigurationName = Release;
		};
		4D6E525B2C2084D20041FC86 /* Build configuration list for PBXNativeTarget "MKNewsReaderUITests" */ = {
			isa = XCConfigurationList;
			buildConfigurations = (
				4D6E525C2C2084D20041FC86 /* Debug */,
				4D6E525D2C2084D20041FC86 /* Release */,
			);
			defaultConfigurationIsVisible = 0;
			defaultConfigurationName = Release;
		};
/* End XCConfigurationList section */

/* Begin XCRemoteSwiftPackageReference section */
		4D38613F2C21B601000B51AA /* XCRemoteSwiftPackageReference "Alamofire" */ = {
			isa = XCRemoteSwiftPackageReference;
			repositoryURL = "https://github.com/Alamofire/Alamofire";
			requirement = {
				kind = upToNextMajorVersion;
				minimumVersion = 5.9.1;
			};
		};
		4D4ACE2C2C2430B2007C0DDE /* XCRemoteSwiftPackageReference "SnapKit" */ = {
			isa = XCRemoteSwiftPackageReference;
			repositoryURL = "https://github.com/SnapKit/SnapKit";
			requirement = {
				kind = upToNextMajorVersion;
				minimumVersion = 5.7.1;
			};
		};
		4D5C729F2C243884005C979F /* XCRemoteSwiftPackageReference "Kingfisher" */ = {
			isa = XCRemoteSwiftPackageReference;
			repositoryURL = "https://github.com/onevcat/Kingfisher";
			requirement = {
				kind = upToNextMajorVersion;
				minimumVersion = 7.12.0;
			};
		};
/* End XCRemoteSwiftPackageReference section */

/* Begin XCSwiftPackageProductDependency section */
		4D3861402C21B601000B51AA /* Alamofire */ = {
			isa = XCSwiftPackageProductDependency;
			package = 4D38613F2C21B601000B51AA /* XCRemoteSwiftPackageReference "Alamofire" */;
			productName = Alamofire;
		};
		4D4ACE2D2C2430B2007C0DDE /* SnapKit */ = {
			isa = XCSwiftPackageProductDependency;
			package = 4D4ACE2C2C2430B2007C0DDE /* XCRemoteSwiftPackageReference "SnapKit" */;
			productName = SnapKit;
		};
		4D5C72A02C243884005C979F /* Kingfisher */ = {
			isa = XCSwiftPackageProductDependency;
			package = 4D5C729F2C243884005C979F /* XCRemoteSwiftPackageReference "Kingfisher" */;
			productName = Kingfisher;
		};
/* End XCSwiftPackageProductDependency section */

/* Begin XCVersionGroup section */
		4D6E52872C20860C0041FC86 /* MKNewsReader.xcdatamodeld */ = {
			isa = XCVersionGroup;
			children = (
				4D6E52882C20860C0041FC86 /* MKNewsReader.xcdatamodel */,
			);
			currentVersion = 4D6E52882C20860C0041FC86 /* MKNewsReader.xcdatamodel */;
			path = MKNewsReader.xcdatamodeld;
			sourceTree = "<group>";
			versionGroupType = wrapper.xcdatamodel;
		};
/* End XCVersionGroup section */
	};
	rootObject = 4D6E52202C2084D00041FC86 /* Project object */;
}
